# This file is autogenerated, do not edit; changes may be undone by the next 'dep ensure'.


[[projects]]
  name = "github.com/mattn/go-runewidth"
  packages = ["."]
  revision = "9e777a8366cce605130a531d2cd6363d07ad7317"
  version = "v0.0.2"

[[projects]]
  branch = "master"
  name = "github.com/nsf/termbox-go"
  packages = ["."]
  revision = "10cefba34bc5e7a6e5df0836a42513c28a10e074"

[solve-meta]
  analyzer-name = "dep"
  analyzer-version = 1
  inputs-digest = "880b4ab9e8941778acf09285a3edbaf03e32c1dd408b61d1ee06f96aa30da5bd"
  solver-name = "gps-cdcl"
  solver-version = 1
